{
  "name": "webgl-tour",
  "lockfileVersion": 3,
  "requires": true,
  "packages": {
    "": {
      "devDependencies": {
        "ts-add-js-extension": "^1.6.4"
      }
    },
    "node_modules/ts-add-js-extension": {
      "version": "1.6.4",
      "resolved": "https://registry.npmjs.org/ts-add-js-extension/-/ts-add-js-extension-1.6.4.tgz",
      "integrity": "sha512-iY0rS5vLbleT4KPEq6ICdHJew+2wyXSK1wsB7HAChiMSQONRuVP7BY1q5k6gVzPXrrtWzV5qEgVujwj1nnFN7Q==",
      "dev": true,
      "dependencies": {
        "typescript": "^5.4.3"
      },
      "bin": {
        "ts-add-js-extension": "build/cjs/bin.js"
      }
    },
    "node_modules/typescript": {
      "version": "5.5.4",
      "resolved": "https://registry.npmjs.org/typescript/-/typescript-5.5.4.tgz",
      "integrity": "sha512-Mtq29sKDAEYP7aljRgtPOpTvOfbwRWlS6dPRzwjdE+C0R4brX/GUyhHSecbHMFLNBLcJIPt9nl9yG5TZ1weH+Q==",
      "dev": true,
      "bin": {
        "tsc": "bin/tsc",
        "tsserver": "bin/tsserver"
      },
      "engines": {
        "node": ">=14.17"
      }
    }
  }
}
